
Microsoft Visual Studio Solution File, Format Version 12.00
# Visual Studio Version 17
VisualStudioVersion = 17.6.33723.286
MinimumVisualStudioVersion = 10.0.40219.1
Project("{FAE04EC0-301F-11D3-BF4B-00C04F79EFBC}") = "BudgetManager", "BudgetManager\BudgetManager.csproj", "{6F86B7A0-0C21-4FD7-A728-B99E57AF948E}"
EndProject
Project("{FAE04EC0-301F-11D3-BF4B-00C04F79EFBC}") = "BudgetManagerTests", "BudgetManagerTests\BudgetManagerTests.csproj", "{B0BC8E08-3E1C-4552-94C2-594B48FA87D2}"
EndProject
Global
	GlobalSection(SolutionConfigurationPlatforms) = preSolution
		Debug|Any CPU = Debug|Any CPU
		Release|Any CPU = Release|Any CPU
	EndGlobalSection
	GlobalSection(ProjectConfigurationPlatforms) = postSolution
		{6F86B7A0-0C21-4FD7-A728-B99E57AF948E}.Debug|Any CPU.ActiveCfg = Debug|Any CPU
		{6F86B7A0-0C21-4FD7-A728-B99E57AF948E}.Debug|Any CPU.Build.0 = Debug|Any CPU
		{6F86B7A0-0C21-4FD7-A728-B99E57AF948E}.Release|Any CPU.ActiveCfg = Release|Any CPU
		{6F86B7A0-0C21-4FD7-A728-B99E57AF948E}.Release|Any CPU.Build.0 = Release|Any CPU
		{B0BC8E08-3E1C-4552-94C2-594B48FA87D2}.Debug|Any CPU.ActiveCfg = Debug|Any CPU
		{B0BC8E08-3E1C-4552-94C2-594B48FA87D2}.Debug|Any CPU.Build.0 = Debug|Any CPU
		{B0BC8E08-3E1C-4552-94C2-594B48FA87D2}.Release|Any CPU.ActiveCfg = Release|Any CPU
		{B0BC8E08-3E1C-4552-94C2-594B48FA87D2}.Release|Any CPU.Build.0 = Release|Any CPU
	EndGlobalSection
	GlobalSection(SolutionProperties) = preSolution
		HideSolutionNode = FALSE
	EndGlobalSection
	GlobalSection(ExtensibilityGlobals) = postSolution
		SolutionGuid = {5B15DA88-56A7-4578-B326-B6B49223F8C1}
	EndGlobalSection
EndGlobal
